
Microsoft Visual Studio Solution File, Format Version 12.00
# Visual Studio 15
VisualStudioVersion = 15.0.26228.9
MinimumVisualStudioVersion = 10.0.40219.1
Project("{FAE04EC0-301F-11D3-BF4B-00C04F79EFBC}") = "PushkaGraph.Core", "PushkaGraph.Core\PushkaGraph.Core.csproj", "{14079356-117A-4A11-98EE-DA4C1E9F3288}"
EndProject
Project("{FAE04EC0-301F-11D3-BF4B-00C04F79EFBC}") = "PushkaGraph.Algorithms", "PushkaGraph.Algorithms\PushkaGraph.Algorithms.csproj", "{2D496831-81A4-449A-AC2A-65105D38BAB1}"
EndProject
Project("{FAE04EC0-301F-11D3-BF4B-00C04F79EFBC}") = "PushkaGraph.Tests", "PushkaGraph.Tests\PushkaGraph.Tests.csproj", "{90D9B7BC-FCA6-4927-80E5-23B3D12F1A73}"
EndProject
Project("{FAE04EC0-301F-11D3-BF4B-00C04F79EFBC}") = "PushkaGraph.Gui", "PushkaGraph.Gui\PushkaGraph.Gui.csproj", "{FAC6ED48-01B3-45EB-AA74-FE834297CB48}"
EndProject
Project("{FAE04EC0-301F-11D3-BF4B-00C04F79EFBC}") = "PushkaGraph.Tools", "PushkaGraph.Tools\PushkaGraph.Tools.csproj", "{C9FAD02C-025D-4E42-A7A6-4EBFEC87C759}"
EndProject
Project("{FAE04EC0-301F-11D3-BF4B-00C04F79EFBC}") = "PushkaGraph.NewAlgorithms", "PushkaGraph.NewAlgorithms\PushkaGraph.NewAlgorithms.csproj", "{626E2C3E-6A77-4F14-BF9C-BA2D54D5BC16}"
EndProject
Project("{54435603-DBB4-11D2-8724-00A0C9A8B90C}") = "PushkaGraphInstaller", "PushkaGraphInstaller\PushkaGraphInstaller.vdproj", "{8BEC5038-0150-4A8B-9E4A-5D14404A2C9F}"
EndProject
Global
	GlobalSection(SolutionConfigurationPlatforms) = preSolution
		Debug|Any CPU = Debug|Any CPU
		Release|Any CPU = Release|Any CPU
	EndGlobalSection
	GlobalSection(ProjectConfigurationPlatforms) = postSolution
		{14079356-117A-4A11-98EE-DA4C1E9F3288}.Debug|Any CPU.ActiveCfg = Debug|Any CPU
		{14079356-117A-4A11-98EE-DA4C1E9F3288}.Debug|Any CPU.Build.0 = Debug|Any CPU
		{14079356-117A-4A11-98EE-DA4C1E9F3288}.Release|Any CPU.ActiveCfg = Release|Any CPU
		{14079356-117A-4A11-98EE-DA4C1E9F3288}.Release|Any CPU.Build.0 = Release|Any CPU
		{2D496831-81A4-449A-AC2A-65105D38BAB1}.Debug|Any CPU.ActiveCfg = Debug|Any CPU
		{2D496831-81A4-449A-AC2A-65105D38BAB1}.Debug|Any CPU.Build.0 = Debug|Any CPU
		{2D496831-81A4-449A-AC2A-65105D38BAB1}.Release|Any CPU.ActiveCfg = Release|Any CPU
		{2D496831-81A4-449A-AC2A-65105D38BAB1}.Release|Any CPU.Build.0 = Release|Any CPU
		{90D9B7BC-FCA6-4927-80E5-23B3D12F1A73}.Debug|Any CPU.ActiveCfg = Debug|Any CPU
		{90D9B7BC-FCA6-4927-80E5-23B3D12F1A73}.Debug|Any CPU.Build.0 = Debug|Any CPU
		{90D9B7BC-FCA6-4927-80E5-23B3D12F1A73}.Release|Any CPU.ActiveCfg = Release|Any CPU
		{90D9B7BC-FCA6-4927-80E5-23B3D12F1A73}.Release|Any CPU.Build.0 = Release|Any CPU
		{FAC6ED48-01B3-45EB-AA74-FE834297CB48}.Debug|Any CPU.ActiveCfg = Debug|Any CPU
		{FAC6ED48-01B3-45EB-AA74-FE834297CB48}.Debug|Any CPU.Build.0 = Debug|Any CPU
		{FAC6ED48-01B3-45EB-AA74-FE834297CB48}.Release|Any CPU.ActiveCfg = Release|Any CPU
		{FAC6ED48-01B3-45EB-AA74-FE834297CB48}.Release|Any CPU.Build.0 = Release|Any CPU
		{C9FAD02C-025D-4E42-A7A6-4EBFEC87C759}.Debug|Any CPU.ActiveCfg = Debug|Any CPU
		{C9FAD02C-025D-4E42-A7A6-4EBFEC87C759}.Debug|Any CPU.Build.0 = Debug|Any CPU
		{C9FAD02C-025D-4E42-A7A6-4EBFEC87C759}.Release|Any CPU.ActiveCfg = Release|Any CPU
		{C9FAD02C-025D-4E42-A7A6-4EBFEC87C759}.Release|Any CPU.Build.0 = Release|Any CPU
		{626E2C3E-6A77-4F14-BF9C-BA2D54D5BC16}.Debug|Any CPU.ActiveCfg = Debug|Any CPU
		{626E2C3E-6A77-4F14-BF9C-BA2D54D5BC16}.Debug|Any CPU.Build.0 = Debug|Any CPU
		{626E2C3E-6A77-4F14-BF9C-BA2D54D5BC16}.Release|Any CPU.ActiveCfg = Release|Any CPU
		{626E2C3E-6A77-4F14-BF9C-BA2D54D5BC16}.Release|Any CPU.Build.0 = Release|Any CPU
		{8BEC5038-0150-4A8B-9E4A-5D14404A2C9F}.Debug|Any CPU.ActiveCfg = Debug
		{8BEC5038-0150-4A8B-9E4A-5D14404A2C9F}.Release|Any CPU.ActiveCfg = Release
	EndGlobalSection
	GlobalSection(SolutionProperties) = preSolution
		HideSolutionNode = FALSE
	EndGlobalSection
	GlobalSection(ExtensibilityGlobals) = postSolution
		SolutionGuid = {D09AB0A4-3526-4E45-8AD7-E788909F755F}
	EndGlobalSection
EndGlobal
